
Microsoft Visual Studio Solution File, Format Version 12.00
# Visual Studio Version 17
VisualStudioVersion = 17.7.34009.444
MinimumVisualStudioVersion = 10.0.40219.1
Project("{FAE04EC0-301F-11D3-BF4B-00C04F79EFBC}") = "WebApplication1", "WebApplication1\WebApplication1.csproj", "{703928E2-31E6-4B2F-B385-DF55C984F80C}"
EndProject
Global
	GlobalSection(SolutionConfigurationPlatforms) = preSolution
		Debug|Any CPU = Debug|Any CPU
		Release|Any CPU = Release|Any CPU
	EndGlobalSection
	GlobalSection(ProjectConfigurationPlatforms) = postSolution
		{703928E2-31E6-4B2F-B385-DF55C984F80C}.Debug|Any CPU.ActiveCfg = Debug|Any CPU
		{703928E2-31E6-4B2F-B385-DF55C984F80C}.Debug|Any CPU.Build.0 = Debug|Any CPU
		{703928E2-31E6-4B2F-B385-DF55C984F80C}.Release|Any CPU.ActiveCfg = Release|Any CPU
		{703928E2-31E6-4B2F-B385-DF55C984F80C}.Release|Any CPU.Build.0 = Release|Any CPU
	EndGlobalSection
	GlobalSection(SolutionProperties) = preSolution
		HideSolutionNode = FALSE
	EndGlobalSection
	GlobalSection(ExtensibilityGlobals) = postSolution
		SolutionGuid = {E179F03F-29C5-4288-85E7-2A3E4FE22927}
	EndGlobalSection
EndGlobal
